
Microsoft Visual Studio Solution File, Format Version 12.00
# Visual Studio Version 16
VisualStudioVersion = 16.0.29409.12
MinimumVisualStudioVersion = 10.0.40219.1
Project("{9A19103F-16F7-4668-BE54-9A1E7A4F7556}") = "Zs.Bot.Services", "Bot\Zs.Bot.Services\Zs.Bot.Services.csproj", "{26B4EFEE-4C4A-4EF1-BC18-521671F14AF5}"
EndProject
Project("{9A19103F-16F7-4668-BE54-9A1E7A4F7556}") = "Zs.Bot.Messenger.Telegram", "Bot\Messengers\Zs.Bot.Messenger.Telegram\Zs.Bot.Messenger.Telegram.csproj", "{68E24E7A-C999-4CA7-B44F-D09FE1449416}"
EndProject
Project("{9A19103F-16F7-4668-BE54-9A1E7A4F7556}") = "Zs.Tests.Integration.Bot", "Tests\Integration\Zs.Tests.Integration.Bot\Zs.Tests.Integration.Bot.csproj", "{186B00E5-63F1-4650-9A2A-735039E287A7}"
EndProject
Project("{9A19103F-16F7-4668-BE54-9A1E7A4F7556}") = "Zs.Tests.Integration.Common", "Tests\Integration\Zs.Tests.Integration.Common\Zs.Tests.Integration.Common.csproj", "{0BBC5A99-A707-4993-83B9-20175912CCF9}"
EndProject
Project("{2150E333-8FDC-42A3-9474-1A3956D46DE8}") = "Messengers", "Messengers", "{B217690F-F059-4F92-B4C1-BFF40C87EC3D}"
EndProject
Project("{2150E333-8FDC-42A3-9474-1A3956D46DE8}") = "Apps", "Apps", "{6ABB3FF5-110B-42CA-A78E-1414529F472D}"
EndProject
Project("{2150E333-8FDC-42A3-9474-1A3956D46DE8}") = "Tests", "Tests", "{02EF059F-71AD-409E-A7F1-FBB90959890A}"
EndProject
Project("{2150E333-8FDC-42A3-9474-1A3956D46DE8}") = "Bot", "Bot", "{E77CA16B-EA06-4649-9E7D-9518F7D06033}"
EndProject
Project("{2150E333-8FDC-42A3-9474-1A3956D46DE8}") = "Common", "Common", "{3FAF192A-78FD-454E-A32D-0AE923DB24D1}"
EndProject
Project("{9A19103F-16F7-4668-BE54-9A1E7A4F7556}") = "Zs.Tests.Integration.ChatAdmin", "Tests\Integration\Zs.Tests.Integration.ChatAdmin\Zs.Tests.Integration.ChatAdmin.csproj", "{5E658E9C-AA4D-42C9-9EFA-D0BE60E537C3}"
EndProject
Project("{2150E333-8FDC-42A3-9474-1A3956D46DE8}") = "Solution Items", "Solution Items", "{18CCC3CE-1498-4B8C-BB6C-136A3A839EEC}"
	ProjectSection(SolutionItems) = preProject
		.editorconfig = .editorconfig
		.filenesting.json = .filenesting.json
		secrets.json = secrets.json
		secrets_exapmle.json = secrets_exapmle.json
	EndProjectSection
EndProject
Project("{2150E333-8FDC-42A3-9474-1A3956D46DE8}") = "Api", "Api", "{9C4F1BF3-3AEA-4FD5-85AC-13ACE38A5357}"
EndProject
Project("{2150E333-8FDC-42A3-9474-1A3956D46DE8}") = "Zs.App.Home", "Zs.App.Home", "{AD5D1E3A-1744-476A-A684-F5427694E0E3}"
EndProject
Project("{9A19103F-16F7-4668-BE54-9A1E7A4F7556}") = "Zs.App.Home.Bot", "Apps\Zs.App.Home\Zs.App.Home.Bot\Zs.App.Home.Bot.csproj", "{1E35FCAD-981F-4FFF-9DDE-EB1A40D38853}"
EndProject
Project("{9A19103F-16F7-4668-BE54-9A1E7A4F7556}") = "Zs.App.Home.Data", "Apps\Zs.App.Home\Zs.App.Home.Data\Zs.App.Home.Data.csproj", "{BC1C3D76-A322-4F5A-B445-CBC3D8FA85FB}"
EndProject
Project("{9A19103F-16F7-4668-BE54-9A1E7A4F7556}") = "Zs.Bot.Data", "Bot\Zs.Bot.Data\Zs.Bot.Data.csproj", "{158BBAF1-0A1B-4D02-B180-3F55D5C56D62}"
EndProject
Project("{9A19103F-16F7-4668-BE54-9A1E7A4F7556}") = "Zs.App.Home.Web", "Apps\Zs.App.Home\Zs.App.Home.Web\Zs.App.Home.Web.csproj", "{7C795B28-D593-4DC6-8BB3-60500B8140C9}"
EndProject
Project("{2150E333-8FDC-42A3-9474-1A3956D46DE8}") = "Zs.App.ChatAdmin", "Zs.App.ChatAdmin", "{1FF30B74-CD99-471C-B055-75F53AD79DF0}"
EndProject
Project("{9A19103F-16F7-4668-BE54-9A1E7A4F7556}") = "Zs.App.ChatAdmin.Bot", "Apps\Zs.App.ChatAdmin\Zs.App.ChatAdmin.Bot\Zs.App.ChatAdmin.Bot.csproj", "{CC86FCA4-C15E-42C5-A6CB-1A313C7D1B2F}"
EndProject
Project("{9A19103F-16F7-4668-BE54-9A1E7A4F7556}") = "Zs.Common", "Common\Zs.Common\Zs.Common.csproj", "{AB2BC7B4-A0BE-4C54-AF9A-58B09BD02D65}"
EndProject
Project("{9A19103F-16F7-4668-BE54-9A1E7A4F7556}") = "Zs.App.Home.Services", "Apps\Zs.App.Home\Zs.App.Home.Services\Zs.App.Home.Services.csproj", "{F4178514-6C90-4E6A-A0D3-06804B11495A}"
EndProject
Project("{9A19103F-16F7-4668-BE54-9A1E7A4F7556}") = "Zs.Common.Services", "Common\Zs.Common.Services\Zs.Common.Services.csproj", "{7EA2FE96-B230-458F-B87B-D5D021AABE07}"
EndProject
Project("{2150E333-8FDC-42A3-9474-1A3956D46DE8}") = "Integration", "Integration", "{EE2087F5-F6BB-4B8D-B63C-BCD8DB00251C}"
EndProject
Project("{2150E333-8FDC-42A3-9474-1A3956D46DE8}") = "Unit", "Unit", "{F2B70D5B-1C76-41CF-84B6-5B6259815099}"
EndProject
Project("{9A19103F-16F7-4668-BE54-9A1E7A4F7556}") = "Zs.Tests.Unit.ChatAdmin", "Tests\Unit\Zs.Tests.Unit.ChatAdmin\Zs.Tests.Unit.ChatAdmin.csproj", "{031A959B-CC61-4DA2-9379-383264315BDA}"
EndProject
Global
	GlobalSection(SolutionConfigurationPlatforms) = preSolution
		Debug|Any CPU = Debug|Any CPU
		Release|Any CPU = Release|Any CPU
	EndGlobalSection
	GlobalSection(ProjectConfigurationPlatforms) = postSolution
		{26B4EFEE-4C4A-4EF1-BC18-521671F14AF5}.Debug|Any CPU.ActiveCfg = Debug|Any CPU
		{26B4EFEE-4C4A-4EF1-BC18-521671F14AF5}.Debug|Any CPU.Build.0 = Debug|Any CPU
		{26B4EFEE-4C4A-4EF1-BC18-521671F14AF5}.Release|Any CPU.ActiveCfg = Release|Any CPU
		{26B4EFEE-4C4A-4EF1-BC18-521671F14AF5}.Release|Any CPU.Build.0 = Release|Any CPU
		{68E24E7A-C999-4CA7-B44F-D09FE1449416}.Debug|Any CPU.ActiveCfg = Debug|Any CPU
		{68E24E7A-C999-4CA7-B44F-D09FE1449416}.Debug|Any CPU.Build.0 = Debug|Any CPU
		{68E24E7A-C999-4CA7-B44F-D09FE1449416}.Release|Any CPU.ActiveCfg = Release|Any CPU
		{68E24E7A-C999-4CA7-B44F-D09FE1449416}.Release|Any CPU.Build.0 = Release|Any CPU
		{186B00E5-63F1-4650-9A2A-735039E287A7}.Debug|Any CPU.ActiveCfg = Debug|Any CPU
		{186B00E5-63F1-4650-9A2A-735039E287A7}.Debug|Any CPU.Build.0 = Debug|Any CPU
		{186B00E5-63F1-4650-9A2A-735039E287A7}.Release|Any CPU.ActiveCfg = Release|Any CPU
		{186B00E5-63F1-4650-9A2A-735039E287A7}.Release|Any CPU.Build.0 = Release|Any CPU
		{0BBC5A99-A707-4993-83B9-20175912CCF9}.Debug|Any CPU.ActiveCfg = Debug|Any CPU
		{0BBC5A99-A707-4993-83B9-20175912CCF9}.Debug|Any CPU.Build.0 = Debug|Any CPU
		{0BBC5A99-A707-4993-83B9-20175912CCF9}.Release|Any CPU.ActiveCfg = Release|Any CPU
		{0BBC5A99-A707-4993-83B9-20175912CCF9}.Release|Any CPU.Build.0 = Release|Any CPU
		{5E658E9C-AA4D-42C9-9EFA-D0BE60E537C3}.Debug|Any CPU.ActiveCfg = Debug|Any CPU
		{5E658E9C-AA4D-42C9-9EFA-D0BE60E537C3}.Debug|Any CPU.Build.0 = Debug|Any CPU
		{5E658E9C-AA4D-42C9-9EFA-D0BE60E537C3}.Release|Any CPU.ActiveCfg = Release|Any CPU
		{5E658E9C-AA4D-42C9-9EFA-D0BE60E537C3}.Release|Any CPU.Build.0 = Release|Any CPU
		{1E35FCAD-981F-4FFF-9DDE-EB1A40D38853}.Debug|Any CPU.ActiveCfg = Debug|Any CPU
		{1E35FCAD-981F-4FFF-9DDE-EB1A40D38853}.Debug|Any CPU.Build.0 = Debug|Any CPU
		{1E35FCAD-981F-4FFF-9DDE-EB1A40D38853}.Release|Any CPU.ActiveCfg = Release|Any CPU
		{1E35FCAD-981F-4FFF-9DDE-EB1A40D38853}.Release|Any CPU.Build.0 = Release|Any CPU
		{BC1C3D76-A322-4F5A-B445-CBC3D8FA85FB}.Debug|Any CPU.ActiveCfg = Debug|Any CPU
		{BC1C3D76-A322-4F5A-B445-CBC3D8FA85FB}.Debug|Any CPU.Build.0 = Debug|Any CPU
		{BC1C3D76-A322-4F5A-B445-CBC3D8FA85FB}.Release|Any CPU.ActiveCfg = Release|Any CPU
		{BC1C3D76-A322-4F5A-B445-CBC3D8FA85FB}.Release|Any CPU.Build.0 = Release|Any CPU
		{158BBAF1-0A1B-4D02-B180-3F55D5C56D62}.Debug|Any CPU.ActiveCfg = Debug|Any CPU
		{158BBAF1-0A1B-4D02-B180-3F55D5C56D62}.Debug|Any CPU.Build.0 = Debug|Any CPU
		{158BBAF1-0A1B-4D02-B180-3F55D5C56D62}.Release|Any CPU.ActiveCfg = Release|Any CPU
		{158BBAF1-0A1B-4D02-B180-3F55D5C56D62}.Release|Any CPU.Build.0 = Release|Any CPU
		{7C795B28-D593-4DC6-8BB3-60500B8140C9}.Debug|Any CPU.ActiveCfg = Debug|Any CPU
		{7C795B28-D593-4DC6-8BB3-60500B8140C9}.Debug|Any CPU.Build.0 = Debug|Any CPU
		{7C795B28-D593-4DC6-8BB3-60500B8140C9}.Release|Any CPU.ActiveCfg = Release|Any CPU
		{7C795B28-D593-4DC6-8BB3-60500B8140C9}.Release|Any CPU.Build.0 = Release|Any CPU
		{CC86FCA4-C15E-42C5-A6CB-1A313C7D1B2F}.Debug|Any CPU.ActiveCfg = Debug|Any CPU
		{CC86FCA4-C15E-42C5-A6CB-1A313C7D1B2F}.Debug|Any CPU.Build.0 = Debug|Any CPU
		{CC86FCA4-C15E-42C5-A6CB-1A313C7D1B2F}.Release|Any CPU.ActiveCfg = Release|Any CPU
		{CC86FCA4-C15E-42C5-A6CB-1A313C7D1B2F}.Release|Any CPU.Build.0 = Release|Any CPU
		{AB2BC7B4-A0BE-4C54-AF9A-58B09BD02D65}.Debug|Any CPU.ActiveCfg = Debug|Any CPU
		{AB2BC7B4-A0BE-4C54-AF9A-58B09BD02D65}.Debug|Any CPU.Build.0 = Debug|Any CPU
		{AB2BC7B4-A0BE-4C54-AF9A-58B09BD02D65}.Release|Any CPU.ActiveCfg = Release|Any CPU
		{AB2BC7B4-A0BE-4C54-AF9A-58B09BD02D65}.Release|Any CPU.Build.0 = Release|Any CPU
		{F4178514-6C90-4E6A-A0D3-06804B11495A}.Debug|Any CPU.ActiveCfg = Debug|Any CPU
		{F4178514-6C90-4E6A-A0D3-06804B11495A}.Debug|Any CPU.Build.0 = Debug|Any CPU
		{F4178514-6C90-4E6A-A0D3-06804B11495A}.Release|Any CPU.ActiveCfg = Release|Any CPU
		{F4178514-6C90-4E6A-A0D3-06804B11495A}.Release|Any CPU.Build.0 = Release|Any CPU
		{7EA2FE96-B230-458F-B87B-D5D021AABE07}.Debug|Any CPU.ActiveCfg = Debug|Any CPU
		{7EA2FE96-B230-458F-B87B-D5D021AABE07}.Debug|Any CPU.Build.0 = Debug|Any CPU
		{7EA2FE96-B230-458F-B87B-D5D021AABE07}.Release|Any CPU.ActiveCfg = Release|Any CPU
		{7EA2FE96-B230-458F-B87B-D5D021AABE07}.Release|Any CPU.Build.0 = Release|Any CPU
		{031A959B-CC61-4DA2-9379-383264315BDA}.Debug|Any CPU.ActiveCfg = Debug|Any CPU
		{031A959B-CC61-4DA2-9379-383264315BDA}.Debug|Any CPU.Build.0 = Debug|Any CPU
		{031A959B-CC61-4DA2-9379-383264315BDA}.Release|Any CPU.ActiveCfg = Release|Any CPU
		{031A959B-CC61-4DA2-9379-383264315BDA}.Release|Any CPU.Build.0 = Release|Any CPU
	EndGlobalSection
	GlobalSection(SolutionProperties) = preSolution
		HideSolutionNode = FALSE
	EndGlobalSection
	GlobalSection(NestedProjects) = preSolution
		{26B4EFEE-4C4A-4EF1-BC18-521671F14AF5} = {E77CA16B-EA06-4649-9E7D-9518F7D06033}
		{68E24E7A-C999-4CA7-B44F-D09FE1449416} = {B217690F-F059-4F92-B4C1-BFF40C87EC3D}
		{186B00E5-63F1-4650-9A2A-735039E287A7} = {EE2087F5-F6BB-4B8D-B63C-BCD8DB00251C}
		{0BBC5A99-A707-4993-83B9-20175912CCF9} = {EE2087F5-F6BB-4B8D-B63C-BCD8DB00251C}
		{B217690F-F059-4F92-B4C1-BFF40C87EC3D} = {E77CA16B-EA06-4649-9E7D-9518F7D06033}
		{5E658E9C-AA4D-42C9-9EFA-D0BE60E537C3} = {EE2087F5-F6BB-4B8D-B63C-BCD8DB00251C}
		{9C4F1BF3-3AEA-4FD5-85AC-13ACE38A5357} = {E77CA16B-EA06-4649-9E7D-9518F7D06033}
		{AD5D1E3A-1744-476A-A684-F5427694E0E3} = {6ABB3FF5-110B-42CA-A78E-1414529F472D}
		{1E35FCAD-981F-4FFF-9DDE-EB1A40D38853} = {AD5D1E3A-1744-476A-A684-F5427694E0E3}
		{BC1C3D76-A322-4F5A-B445-CBC3D8FA85FB} = {AD5D1E3A-1744-476A-A684-F5427694E0E3}
		{158BBAF1-0A1B-4D02-B180-3F55D5C56D62} = {E77CA16B-EA06-4649-9E7D-9518F7D06033}
		{7C795B28-D593-4DC6-8BB3-60500B8140C9} = {AD5D1E3A-1744-476A-A684-F5427694E0E3}
		{1FF30B74-CD99-471C-B055-75F53AD79DF0} = {6ABB3FF5-110B-42CA-A78E-1414529F472D}
		{CC86FCA4-C15E-42C5-A6CB-1A313C7D1B2F} = {1FF30B74-CD99-471C-B055-75F53AD79DF0}
		{AB2BC7B4-A0BE-4C54-AF9A-58B09BD02D65} = {3FAF192A-78FD-454E-A32D-0AE923DB24D1}
		{F4178514-6C90-4E6A-A0D3-06804B11495A} = {AD5D1E3A-1744-476A-A684-F5427694E0E3}
		{7EA2FE96-B230-458F-B87B-D5D021AABE07} = {3FAF192A-78FD-454E-A32D-0AE923DB24D1}
		{EE2087F5-F6BB-4B8D-B63C-BCD8DB00251C} = {02EF059F-71AD-409E-A7F1-FBB90959890A}
		{F2B70D5B-1C76-41CF-84B6-5B6259815099} = {02EF059F-71AD-409E-A7F1-FBB90959890A}
		{031A959B-CC61-4DA2-9379-383264315BDA} = {F2B70D5B-1C76-41CF-84B6-5B6259815099}
	EndGlobalSection
	GlobalSection(ExtensibilityGlobals) = postSolution
		SolutionGuid = {F6A9C4CA-DF26-4772-9119-627935D70E7C}
	EndGlobalSection
	GlobalSection(Performance) = preSolution
		HasPerformanceSessions = true
	EndGlobalSection
EndGlobal
