
Microsoft Visual Studio Solution File, Format Version 12.00
# Visual Studio Version 16
VisualStudioVersion = 16.0.29409.12
MinimumVisualStudioVersion = 10.0.40219.1
Project("{9A19103F-16F7-4668-BE54-9A1E7A4F7556}") = "Zs.Bot", "Bot\Zs.Bot\Zs.Bot.csproj", "{26B4EFEE-4C4A-4EF1-BC18-521671F14AF5}"
EndProject
Project("{9A19103F-16F7-4668-BE54-9A1E7A4F7556}") = "Zs.Bot.Model", "Bot\Zs.Bot.Model\Zs.Bot.Model.csproj", "{D3971B75-73BD-487A-8CC2-7D0E785C5AE7}"
EndProject
Project("{9A19103F-16F7-4668-BE54-9A1E7A4F7556}") = "Zs.Bot.Messenger.Telegram", "Bot\Messengers\Zs.Bot.Messenger.Telegram\Zs.Bot.Messenger.Telegram.csproj", "{68E24E7A-C999-4CA7-B44F-D09FE1449416}"
EndProject
Project("{9A19103F-16F7-4668-BE54-9A1E7A4F7556}") = "Zs.Service.ChatAdmin", "Services\Zs.Service.ChatAdmin\Zs.Service.ChatAdmin.csproj", "{9B847C34-A8CA-4A0A-A497-5DBE168F541E}"
EndProject
Project("{9A19103F-16F7-4668-BE54-9A1E7A4F7556}") = "Zs.UnitTest.Bot", "UnitTests\Zs.UnitTest.Bot\Zs.UnitTest.Bot.csproj", "{186B00E5-63F1-4650-9A2A-735039E287A7}"
EndProject
Project("{9A19103F-16F7-4668-BE54-9A1E7A4F7556}") = "Zs.UnitTest.Tools", "UnitTests\Zs.UnitTest.Tools\Zs.UnitTest.Tools.csproj", "{0BBC5A99-A707-4993-83B9-20175912CCF9}"
EndProject
Project("{2150E333-8FDC-42A3-9474-1A3956D46DE8}") = "!SQL", "!SQL", "{7EEC88C0-E35E-46A7-A891-D4B0B46598A7}"
EndProject
Project("{2150E333-8FDC-42A3-9474-1A3956D46DE8}") = "Messengers", "Messengers", "{B217690F-F059-4F92-B4C1-BFF40C87EC3D}"
EndProject
Project("{2150E333-8FDC-42A3-9474-1A3956D46DE8}") = "Services", "Services", "{6ABB3FF5-110B-42CA-A78E-1414529F472D}"
EndProject
Project("{2150E333-8FDC-42A3-9474-1A3956D46DE8}") = "UnitTests", "UnitTests", "{02EF059F-71AD-409E-A7F1-FBB90959890A}"
EndProject
Project("{2150E333-8FDC-42A3-9474-1A3956D46DE8}") = "Bot", "Bot", "{E77CA16B-EA06-4649-9E7D-9518F7D06033}"
EndProject
Project("{2150E333-8FDC-42A3-9474-1A3956D46DE8}") = "Common", "Common", "{3FAF192A-78FD-454E-A32D-0AE923DB24D1}"
EndProject
Project("{9A19103F-16F7-4668-BE54-9A1E7A4F7556}") = "Zs.UnitTest.Services.ChatAdmin", "UnitTests\Zs.UnitTest.Services.ChatAdmin\Zs.UnitTest.Services.ChatAdmin.csproj", "{5E658E9C-AA4D-42C9-9EFA-D0BE60E537C3}"
EndProject
Project("{9A19103F-16F7-4668-BE54-9A1E7A4F7556}") = "Zs.Common", "Common\Zs.Common\Zs.Common.csproj", "{B047D3FF-44B7-4507-AA36-FD8306D27AE6}"
EndProject
Project("{FAE04EC0-301F-11D3-BF4B-00C04F79EFBC}") = "Zs.Common.T4", "Common\Zs.Common.T4\Zs.Common.T4.csproj", "{8BDDC286-6BE0-488F-9DCD-84050C5AF16F}"
EndProject
Project("{9A19103F-16F7-4668-BE54-9A1E7A4F7556}") = "Zs.Bot.Database", "SQL\Zs.Bot.Database\Zs.Bot.Database.csproj", "{86E0D68B-0525-4AE9-8976-5F8737A1FBC5}"
EndProject
Project("{2150E333-8FDC-42A3-9474-1A3956D46DE8}") = "Solution Items", "Solution Items", "{18CCC3CE-1498-4B8C-BB6C-136A3A839EEC}"
	ProjectSection(SolutionItems) = preProject
		.editorconfig = .editorconfig
		.filenesting.json = .filenesting.json
	EndProjectSection
EndProject
Project("{2150E333-8FDC-42A3-9474-1A3956D46DE8}") = "Api", "Api", "{9C4F1BF3-3AEA-4FD5-85AC-13ACE38A5357}"
EndProject
Project("{FAE04EC0-301F-11D3-BF4B-00C04F79EFBC}") = "MyTestTelegramBotApi", "Bot\Api\MyTestTelegramBotApi\MyTestTelegramBotApi.csproj", "{5FFABCAF-10B8-4AE2-B5CE-B72BBC768D3E}"
EndProject
Global
	GlobalSection(SolutionConfigurationPlatforms) = preSolution
		Debug|Any CPU = Debug|Any CPU
		Release|Any CPU = Release|Any CPU
	EndGlobalSection
	GlobalSection(ProjectConfigurationPlatforms) = postSolution
		{26B4EFEE-4C4A-4EF1-BC18-521671F14AF5}.Debug|Any CPU.ActiveCfg = Debug|Any CPU
		{26B4EFEE-4C4A-4EF1-BC18-521671F14AF5}.Debug|Any CPU.Build.0 = Debug|Any CPU
		{26B4EFEE-4C4A-4EF1-BC18-521671F14AF5}.Release|Any CPU.ActiveCfg = Release|Any CPU
		{26B4EFEE-4C4A-4EF1-BC18-521671F14AF5}.Release|Any CPU.Build.0 = Release|Any CPU
		{D3971B75-73BD-487A-8CC2-7D0E785C5AE7}.Debug|Any CPU.ActiveCfg = Debug|Any CPU
		{D3971B75-73BD-487A-8CC2-7D0E785C5AE7}.Debug|Any CPU.Build.0 = Debug|Any CPU
		{D3971B75-73BD-487A-8CC2-7D0E785C5AE7}.Release|Any CPU.ActiveCfg = Release|Any CPU
		{D3971B75-73BD-487A-8CC2-7D0E785C5AE7}.Release|Any CPU.Build.0 = Release|Any CPU
		{68E24E7A-C999-4CA7-B44F-D09FE1449416}.Debug|Any CPU.ActiveCfg = Debug|Any CPU
		{68E24E7A-C999-4CA7-B44F-D09FE1449416}.Debug|Any CPU.Build.0 = Debug|Any CPU
		{68E24E7A-C999-4CA7-B44F-D09FE1449416}.Release|Any CPU.ActiveCfg = Release|Any CPU
		{68E24E7A-C999-4CA7-B44F-D09FE1449416}.Release|Any CPU.Build.0 = Release|Any CPU
		{9B847C34-A8CA-4A0A-A497-5DBE168F541E}.Debug|Any CPU.ActiveCfg = Debug|Any CPU
		{9B847C34-A8CA-4A0A-A497-5DBE168F541E}.Debug|Any CPU.Build.0 = Debug|Any CPU
		{9B847C34-A8CA-4A0A-A497-5DBE168F541E}.Release|Any CPU.ActiveCfg = Release|Any CPU
		{9B847C34-A8CA-4A0A-A497-5DBE168F541E}.Release|Any CPU.Build.0 = Release|Any CPU
		{186B00E5-63F1-4650-9A2A-735039E287A7}.Debug|Any CPU.ActiveCfg = Debug|Any CPU
		{186B00E5-63F1-4650-9A2A-735039E287A7}.Debug|Any CPU.Build.0 = Debug|Any CPU
		{186B00E5-63F1-4650-9A2A-735039E287A7}.Release|Any CPU.ActiveCfg = Release|Any CPU
		{186B00E5-63F1-4650-9A2A-735039E287A7}.Release|Any CPU.Build.0 = Release|Any CPU
		{0BBC5A99-A707-4993-83B9-20175912CCF9}.Debug|Any CPU.ActiveCfg = Debug|Any CPU
		{0BBC5A99-A707-4993-83B9-20175912CCF9}.Debug|Any CPU.Build.0 = Debug|Any CPU
		{0BBC5A99-A707-4993-83B9-20175912CCF9}.Release|Any CPU.ActiveCfg = Release|Any CPU
		{0BBC5A99-A707-4993-83B9-20175912CCF9}.Release|Any CPU.Build.0 = Release|Any CPU
		{5E658E9C-AA4D-42C9-9EFA-D0BE60E537C3}.Debug|Any CPU.ActiveCfg = Debug|Any CPU
		{5E658E9C-AA4D-42C9-9EFA-D0BE60E537C3}.Debug|Any CPU.Build.0 = Debug|Any CPU
		{5E658E9C-AA4D-42C9-9EFA-D0BE60E537C3}.Release|Any CPU.ActiveCfg = Release|Any CPU
		{5E658E9C-AA4D-42C9-9EFA-D0BE60E537C3}.Release|Any CPU.Build.0 = Release|Any CPU
		{B047D3FF-44B7-4507-AA36-FD8306D27AE6}.Debug|Any CPU.ActiveCfg = Debug|Any CPU
		{B047D3FF-44B7-4507-AA36-FD8306D27AE6}.Debug|Any CPU.Build.0 = Debug|Any CPU
		{B047D3FF-44B7-4507-AA36-FD8306D27AE6}.Release|Any CPU.ActiveCfg = Release|Any CPU
		{B047D3FF-44B7-4507-AA36-FD8306D27AE6}.Release|Any CPU.Build.0 = Release|Any CPU
		{8BDDC286-6BE0-488F-9DCD-84050C5AF16F}.Debug|Any CPU.ActiveCfg = Debug|Any CPU
		{8BDDC286-6BE0-488F-9DCD-84050C5AF16F}.Debug|Any CPU.Build.0 = Debug|Any CPU
		{8BDDC286-6BE0-488F-9DCD-84050C5AF16F}.Release|Any CPU.ActiveCfg = Release|Any CPU
		{8BDDC286-6BE0-488F-9DCD-84050C5AF16F}.Release|Any CPU.Build.0 = Release|Any CPU
		{86E0D68B-0525-4AE9-8976-5F8737A1FBC5}.Debug|Any CPU.ActiveCfg = Debug|Any CPU
		{86E0D68B-0525-4AE9-8976-5F8737A1FBC5}.Debug|Any CPU.Build.0 = Debug|Any CPU
		{86E0D68B-0525-4AE9-8976-5F8737A1FBC5}.Release|Any CPU.ActiveCfg = Release|Any CPU
		{86E0D68B-0525-4AE9-8976-5F8737A1FBC5}.Release|Any CPU.Build.0 = Release|Any CPU
		{5FFABCAF-10B8-4AE2-B5CE-B72BBC768D3E}.Debug|Any CPU.ActiveCfg = Debug|Any CPU
		{5FFABCAF-10B8-4AE2-B5CE-B72BBC768D3E}.Debug|Any CPU.Build.0 = Debug|Any CPU
		{5FFABCAF-10B8-4AE2-B5CE-B72BBC768D3E}.Release|Any CPU.ActiveCfg = Release|Any CPU
		{5FFABCAF-10B8-4AE2-B5CE-B72BBC768D3E}.Release|Any CPU.Build.0 = Release|Any CPU
	EndGlobalSection
	GlobalSection(SolutionProperties) = preSolution
		HideSolutionNode = FALSE
	EndGlobalSection
	GlobalSection(NestedProjects) = preSolution
		{26B4EFEE-4C4A-4EF1-BC18-521671F14AF5} = {E77CA16B-EA06-4649-9E7D-9518F7D06033}
		{D3971B75-73BD-487A-8CC2-7D0E785C5AE7} = {E77CA16B-EA06-4649-9E7D-9518F7D06033}
		{68E24E7A-C999-4CA7-B44F-D09FE1449416} = {B217690F-F059-4F92-B4C1-BFF40C87EC3D}
		{9B847C34-A8CA-4A0A-A497-5DBE168F541E} = {6ABB3FF5-110B-42CA-A78E-1414529F472D}
		{186B00E5-63F1-4650-9A2A-735039E287A7} = {02EF059F-71AD-409E-A7F1-FBB90959890A}
		{0BBC5A99-A707-4993-83B9-20175912CCF9} = {02EF059F-71AD-409E-A7F1-FBB90959890A}
		{B217690F-F059-4F92-B4C1-BFF40C87EC3D} = {E77CA16B-EA06-4649-9E7D-9518F7D06033}
		{5E658E9C-AA4D-42C9-9EFA-D0BE60E537C3} = {02EF059F-71AD-409E-A7F1-FBB90959890A}
		{B047D3FF-44B7-4507-AA36-FD8306D27AE6} = {3FAF192A-78FD-454E-A32D-0AE923DB24D1}
		{8BDDC286-6BE0-488F-9DCD-84050C5AF16F} = {3FAF192A-78FD-454E-A32D-0AE923DB24D1}
		{86E0D68B-0525-4AE9-8976-5F8737A1FBC5} = {7EEC88C0-E35E-46A7-A891-D4B0B46598A7}
		{9C4F1BF3-3AEA-4FD5-85AC-13ACE38A5357} = {E77CA16B-EA06-4649-9E7D-9518F7D06033}
		{5FFABCAF-10B8-4AE2-B5CE-B72BBC768D3E} = {9C4F1BF3-3AEA-4FD5-85AC-13ACE38A5357}
	EndGlobalSection
	GlobalSection(ExtensibilityGlobals) = postSolution
		SolutionGuid = {F6A9C4CA-DF26-4772-9119-627935D70E7C}
	EndGlobalSection
	GlobalSection(Performance) = preSolution
		HasPerformanceSessions = true
	EndGlobalSection
EndGlobal
